
Microsoft Visual Studio Solution File, Format Version 12.00
# Visual Studio 2013
VisualStudioVersion = 12.0.21005.1
MinimumVisualStudioVersion = 10.0.40219.1
Project("{FAE04EC0-301F-11D3-BF4B-00C04F79EFBC}") = "TDM", "green_manufacturing\TDM.csproj", "{C5D65CB9-83BB-4F36-B04C-981DBE853AB0}"
	ProjectSection(ProjectDependencies) = postProject
		{211C760C-80B0-4CDC-917A-3672FF215344} = {211C760C-80B0-4CDC-917A-3672FF215344}
	EndProjectSection
EndProject
Project("{FAE04EC0-301F-11D3-BF4B-00C04F79EFBC}") = "DDpage", "DDpage\DDpage.csproj", "{211C760C-80B0-4CDC-917A-3672FF215344}"
	ProjectSection(ProjectDependencies) = postProject
		{1CB3961D-11D0-40F5-9AAC-E1F5C03BEA2F} = {1CB3961D-11D0-40F5-9AAC-E1F5C03BEA2F}
		{78E45C21-CA3B-4E0A-B8E4-293E55CE5A8E} = {78E45C21-CA3B-4E0A-B8E4-293E55CE5A8E}
	EndProjectSection
EndProject
Project("{FAE04EC0-301F-11D3-BF4B-00C04F79EFBC}") = "green_manufacturing", "green\green_manufacturing\green_manufacturing.csproj", "{78E45C21-CA3B-4E0A-B8E4-293E55CE5A8E}"
EndProject
Project("{FAE04EC0-301F-11D3-BF4B-00C04F79EFBC}") = "login_dd_qrcode", "login_dd_qrcode\login_dd_qrcode.csproj", "{1CB3961D-11D0-40F5-9AAC-E1F5C03BEA2F}"
EndProject
Global
	GlobalSection(SolutionConfigurationPlatforms) = preSolution
		Debug|Any CPU = Debug|Any CPU
		Release|Any CPU = Release|Any CPU
	EndGlobalSection
	GlobalSection(ProjectConfigurationPlatforms) = postSolution
		{C5D65CB9-83BB-4F36-B04C-981DBE853AB0}.Debug|Any CPU.ActiveCfg = Debug|Any CPU
		{C5D65CB9-83BB-4F36-B04C-981DBE853AB0}.Debug|Any CPU.Build.0 = Debug|Any CPU
		{C5D65CB9-83BB-4F36-B04C-981DBE853AB0}.Release|Any CPU.ActiveCfg = Release|Any CPU
		{C5D65CB9-83BB-4F36-B04C-981DBE853AB0}.Release|Any CPU.Build.0 = Release|Any CPU
		{211C760C-80B0-4CDC-917A-3672FF215344}.Debug|Any CPU.ActiveCfg = Debug|Any CPU
		{211C760C-80B0-4CDC-917A-3672FF215344}.Debug|Any CPU.Build.0 = Debug|Any CPU
		{211C760C-80B0-4CDC-917A-3672FF215344}.Release|Any CPU.ActiveCfg = Release|Any CPU
		{211C760C-80B0-4CDC-917A-3672FF215344}.Release|Any CPU.Build.0 = Release|Any CPU
		{78E45C21-CA3B-4E0A-B8E4-293E55CE5A8E}.Debug|Any CPU.ActiveCfg = Debug|Any CPU
		{78E45C21-CA3B-4E0A-B8E4-293E55CE5A8E}.Debug|Any CPU.Build.0 = Debug|Any CPU
		{78E45C21-CA3B-4E0A-B8E4-293E55CE5A8E}.Release|Any CPU.ActiveCfg = Release|Any CPU
		{78E45C21-CA3B-4E0A-B8E4-293E55CE5A8E}.Release|Any CPU.Build.0 = Release|Any CPU
		{1CB3961D-11D0-40F5-9AAC-E1F5C03BEA2F}.Debug|Any CPU.ActiveCfg = Debug|Any CPU
		{1CB3961D-11D0-40F5-9AAC-E1F5C03BEA2F}.Debug|Any CPU.Build.0 = Debug|Any CPU
		{1CB3961D-11D0-40F5-9AAC-E1F5C03BEA2F}.Release|Any CPU.ActiveCfg = Release|Any CPU
		{1CB3961D-11D0-40F5-9AAC-E1F5C03BEA2F}.Release|Any CPU.Build.0 = Release|Any CPU
	EndGlobalSection
	GlobalSection(SolutionProperties) = preSolution
		HideSolutionNode = FALSE
	EndGlobalSection
	GlobalSection(ExtensibilityGlobals) = postSolution
		SolutionGuid = {9ACF1746-542E-4DB5-B136-335D3B779750}
	EndGlobalSection
EndGlobal
